{
  "name": "xcx",
  "version": "1.0.0",
  "lockfileVersion": 2,
  "requires": true,
  "packages": {
    "": {
      "name": "xcx",
      "version": "1.0.0",
      "license": "ISC",
      "dependencies": {
        "@vant/weapp": "^1.6.1",
        "ccsh": "0.1.2"
      },
      "devDependencies": {}
    },
    "node_modules/@vant/weapp": {
      "version": "1.6.4",
      "resolved": "https://registry.npmjs.org/@vant/weapp/-/weapp-1.6.4.tgz",
      "integrity": "sha512-3vhoMHXS1Gz2FJDDcWnkunP196QYMXBAiKi4ouvZtYDpEFhuX3oaPrxK/ckLliFAfPInujnd+mdMueLaX0aQ2A=="
    },
    "node_modules/ccsh": {
      "version": "0.1.2",
      "resolved": "https://registry.npmjs.org/ccsh/-/ccsh-0.1.2.tgz",
      "integrity": "sha512-f7aFkUbL6gEzNvuJeCk9BnH8tdw/0OudOBGxCyOxAkKCI77vAbOZRDNiiPqpwTgHd2GJe782XDKzq0J4X2OO4Q=="
    }
  },
  "dependencies": {
    "@vant/weapp": {
      "version": "1.6.4",
      "resolved": "https://registry.npmjs.org/@vant/weapp/-/weapp-1.6.4.tgz",
      "integrity": "sha512-3vhoMHXS1Gz2FJDDcWnkunP196QYMXBAiKi4ouvZtYDpEFhuX3oaPrxK/ckLliFAfPInujnd+mdMueLaX0aQ2A=="
    },
    "ccsh": {
      "version": "0.1.2",
      "resolved": "https://registry.npmjs.org/ccsh/-/ccsh-0.1.2.tgz",
      "integrity": "sha512-f7aFkUbL6gEzNvuJeCk9BnH8tdw/0OudOBGxCyOxAkKCI77vAbOZRDNiiPqpwTgHd2GJe782XDKzq0J4X2OO4Q=="
    }
  }
}
